
Microsoft Visual Studio Solution File, Format Version 12.00
# Visual Studio 2012
Project("{2150E333-8FDC-42A3-9474-1A3956D46DE8}") = ".nuget", ".nuget", "{1C18CABD-768F-4325-A9A0-76233CBDD95E}"
	ProjectSection(SolutionItems) = preProject
		.nuget\NuGet.Config = .nuget\NuGet.Config
		.nuget\NuGet.exe = .nuget\NuGet.exe
		.nuget\NuGet.targets = .nuget\NuGet.targets
	EndProjectSection
EndProject
Project("{FAE04EC0-301F-11D3-BF4B-00C04F79EFBC}") = "Code", "Code\Code.csproj", "{252CFEAE-F4DC-4D47-A66B-D4C5EC9A9882}"
EndProject
Project("{FAE04EC0-301F-11D3-BF4B-00C04F79EFBC}") = "Tests", "Tests\Tests.csproj", "{1BA00822-CDD4-4DC4-9C94-EB4F4227E939}"
EndProject
Global
	GlobalSection(SolutionConfigurationPlatforms) = preSolution
		Debug|Any CPU = Debug|Any CPU
		Release|Any CPU = Release|Any CPU
	EndGlobalSection
	GlobalSection(ProjectConfigurationPlatforms) = postSolution
		{252CFEAE-F4DC-4D47-A66B-D4C5EC9A9882}.Debug|Any CPU.ActiveCfg = Debug|Any CPU
		{252CFEAE-F4DC-4D47-A66B-D4C5EC9A9882}.Debug|Any CPU.Build.0 = Debug|Any CPU
		{252CFEAE-F4DC-4D47-A66B-D4C5EC9A9882}.Release|Any CPU.ActiveCfg = Release|Any CPU
		{252CFEAE-F4DC-4D47-A66B-D4C5EC9A9882}.Release|Any CPU.Build.0 = Release|Any CPU
		{1BA00822-CDD4-4DC4-9C94-EB4F4227E939}.Debug|Any CPU.ActiveCfg = Debug|Any CPU
		{1BA00822-CDD4-4DC4-9C94-EB4F4227E939}.Debug|Any CPU.Build.0 = Debug|Any CPU
		{1BA00822-CDD4-4DC4-9C94-EB4F4227E939}.Release|Any CPU.ActiveCfg = Release|Any CPU
		{1BA00822-CDD4-4DC4-9C94-EB4F4227E939}.Release|Any CPU.Build.0 = Release|Any CPU
	EndGlobalSection
	GlobalSection(SolutionProperties) = preSolution
		HideSolutionNode = FALSE
	EndGlobalSection
EndGlobal
